
Microsoft Visual Studio Solution File, Format Version 12.00
# Visual Studio Version 16
VisualStudioVersion = 16.0.30320.27
MinimumVisualStudioVersion = 10.0.40219.1
Project("{FAE04EC0-301F-11D3-BF4B-00C04F79EFBC}") = "Compress_Breaker", "Compress_Breaker\Compress_Breaker.csproj", "{FE304FDE-0F9B-49FB-8D77-6656D9453144}"
EndProject
Project("{FAE04EC0-301F-11D3-BF4B-00C04F79EFBC}") = "Core", "Core\Core.csproj", "{52EF29AA-0E24-430B-9B34-0BD945C175B4}"
EndProject
Project("{FAE04EC0-301F-11D3-BF4B-00C04F79EFBC}") = "Test", "Test\Test.csproj", "{0C770AB4-A4AC-4207-99DA-060B64EBC11E}"
EndProject
Global
	GlobalSection(SolutionConfigurationPlatforms) = preSolution
		Debug|Any CPU = Debug|Any CPU
		Release|Any CPU = Release|Any CPU
	EndGlobalSection
	GlobalSection(ProjectConfigurationPlatforms) = postSolution
		{FE304FDE-0F9B-49FB-8D77-6656D9453144}.Debug|Any CPU.ActiveCfg = Debug|Any CPU
		{FE304FDE-0F9B-49FB-8D77-6656D9453144}.Debug|Any CPU.Build.0 = Debug|Any CPU
		{FE304FDE-0F9B-49FB-8D77-6656D9453144}.Release|Any CPU.ActiveCfg = Release|Any CPU
		{FE304FDE-0F9B-49FB-8D77-6656D9453144}.Release|Any CPU.Build.0 = Release|Any CPU
		{52EF29AA-0E24-430B-9B34-0BD945C175B4}.Debug|Any CPU.ActiveCfg = Debug|Any CPU
		{52EF29AA-0E24-430B-9B34-0BD945C175B4}.Debug|Any CPU.Build.0 = Debug|Any CPU
		{52EF29AA-0E24-430B-9B34-0BD945C175B4}.Release|Any CPU.ActiveCfg = Release|Any CPU
		{52EF29AA-0E24-430B-9B34-0BD945C175B4}.Release|Any CPU.Build.0 = Release|Any CPU
		{0C770AB4-A4AC-4207-99DA-060B64EBC11E}.Debug|Any CPU.ActiveCfg = Debug|Any CPU
		{0C770AB4-A4AC-4207-99DA-060B64EBC11E}.Debug|Any CPU.Build.0 = Debug|Any CPU
		{0C770AB4-A4AC-4207-99DA-060B64EBC11E}.Release|Any CPU.ActiveCfg = Release|Any CPU
		{0C770AB4-A4AC-4207-99DA-060B64EBC11E}.Release|Any CPU.Build.0 = Release|Any CPU
	EndGlobalSection
	GlobalSection(SolutionProperties) = preSolution
		HideSolutionNode = FALSE
	EndGlobalSection
	GlobalSection(ExtensibilityGlobals) = postSolution
		SolutionGuid = {3E5B7B6C-5573-4A99-B509-5864D62E37F2}
	EndGlobalSection
EndGlobal
